
Microsoft Visual Studio Solution File, Format Version 12.00
# Visual Studio Version 17
VisualStudioVersion = 17.5.002.0
MinimumVisualStudioVersion = 10.0.40219.1
Project("{2150E333-8FDC-42A3-9474-1A3956D46DE8}") = "csharp-prep", "csharp-prep", "{3239B694-78E3-4748-BE5D-A7B32EC1D46E}"
EndProject
Project("{9A19103F-16F7-4668-BE54-9A1E7A4F7556}") = "Prep1", "csharp-prep\Prep1\Prep1.csproj", "{B4FF1503-7218-4FED-9878-8A3562123059}"
EndProject
Project("{9A19103F-16F7-4668-BE54-9A1E7A4F7556}") = "Prep2", "csharp-prep\Prep2\Prep2.csproj", "{007B9138-9F07-4333-AAFF-20B87B2505A7}"
EndProject
Project("{9A19103F-16F7-4668-BE54-9A1E7A4F7556}") = "Prep3", "csharp-prep\Prep3\Prep3.csproj", "{7BD4DF88-CCBB-49B1-8043-3CA2C1F8447E}"
EndProject
Project("{9A19103F-16F7-4668-BE54-9A1E7A4F7556}") = "Prep4", "csharp-prep\Prep4\Prep4.csproj", "{38F6994A-C9B7-4806-A0F1-179DC443BEC2}"
EndProject
Project("{9A19103F-16F7-4668-BE54-9A1E7A4F7556}") = "Prep5", "csharp-prep\Prep5\Prep5.csproj", "{CE2747E2-6DF6-4F42-B1BC-4665A25F99F2}"
EndProject
Project("{2150E333-8FDC-42A3-9474-1A3956D46DE8}") = "final", "final", "{E585DA9A-1360-45BE-8023-0C859DE4A81D}"
EndProject
Project("{9A19103F-16F7-4668-BE54-9A1E7A4F7556}") = "FinalProject", "final\FinalProject\FinalProject.csproj", "{0D4F2041-4C0D-4F05-BF78-9CCBDC675DEF}"
EndProject
Project("{9A19103F-16F7-4668-BE54-9A1E7A4F7556}") = "Foundation1", "final\Foundation1\Foundation1.csproj", "{EFE5145F-35CA-4151-9BE4-C8E3650CBC8B}"
EndProject
Project("{9A19103F-16F7-4668-BE54-9A1E7A4F7556}") = "Foundation2", "final\Foundation2\Foundation2.csproj", "{DA9072A6-01DD-4484-B15E-55625DE2032F}"
EndProject
Project("{9A19103F-16F7-4668-BE54-9A1E7A4F7556}") = "Foundation3", "final\Foundation3\Foundation3.csproj", "{D23C868C-9B11-42EC-802E-70109EB1CE8E}"
EndProject
Project("{9A19103F-16F7-4668-BE54-9A1E7A4F7556}") = "Foundation4", "final\Foundation4\Foundation4.csproj", "{FA20BFBC-18C2-4EC4-937B-8C468CF47F1F}"
EndProject
Project("{2150E333-8FDC-42A3-9474-1A3956D46DE8}") = "prepare", "prepare", "{A21BBD36-25BF-483F-840A-455EFFB6BFAB}"
EndProject
Project("{9A19103F-16F7-4668-BE54-9A1E7A4F7556}") = "Learning02", "prepare\Learning02\Learning02.csproj", "{E3127A7E-EFCC-4884-ABB8-F4572E61EA18}"
EndProject
Project("{9A19103F-16F7-4668-BE54-9A1E7A4F7556}") = "Learning03", "prepare\Learning03\Learning03.csproj", "{B246CC09-688E-4184-B4A4-37C473A54C7C}"
EndProject
Project("{9A19103F-16F7-4668-BE54-9A1E7A4F7556}") = "Learning04", "prepare\Learning04\Learning04.csproj", "{4619DD6A-A357-4093-A9B7-CF5DA3FA330D}"
EndProject
Project("{9A19103F-16F7-4668-BE54-9A1E7A4F7556}") = "Learning05", "prepare\Learning05\Learning05.csproj", "{4C7824F5-F6FF-4AF6-9790-954C221AC24E}"
EndProject
Project("{2150E333-8FDC-42A3-9474-1A3956D46DE8}") = "prove", "prove", "{AB6AEA70-B983-493E-A3C3-25039B58DFCE}"
EndProject
Project("{9A19103F-16F7-4668-BE54-9A1E7A4F7556}") = "Develop02", "prove\Develop02\Develop02.csproj", "{69EF957A-9769-443D-B10A-CB611FCA14DA}"
EndProject
Project("{9A19103F-16F7-4668-BE54-9A1E7A4F7556}") = "Develop03", "prove\Develop03\Develop03.csproj", "{E3EAD578-509B-4010-92A1-28D404EDDDFF}"
EndProject
Project("{9A19103F-16F7-4668-BE54-9A1E7A4F7556}") = "Develop04", "prove\Develop04\Develop04.csproj", "{72824C18-05A6-4E76-95E6-44F5A8E4EAF2}"
EndProject
Project("{9A19103F-16F7-4668-BE54-9A1E7A4F7556}") = "Develop05", "prove\Develop05\Develop05.csproj", "{08FB0D55-42DB-4D95-8A0B-53F486FCC865}"
EndProject
Project("{2150E333-8FDC-42A3-9474-1A3956D46DE8}") = "sandbox", "sandbox", "{406C8548-B3F4-4938-A93A-2E8952DC7A62}"
EndProject
Project("{9A19103F-16F7-4668-BE54-9A1E7A4F7556}") = "Sandbox", "sandbox\Sandbox\Sandbox.csproj", "{06A98C6E-E741-4E48-ADA6-94C39307A5AD}"
EndProject
Global
	GlobalSection(SolutionConfigurationPlatforms) = preSolution
		Debug|Any CPU = Debug|Any CPU
		Release|Any CPU = Release|Any CPU
	EndGlobalSection
	GlobalSection(ProjectConfigurationPlatforms) = postSolution
		{B4FF1503-7218-4FED-9878-8A3562123059}.Debug|Any CPU.ActiveCfg = Debug|Any CPU
		{B4FF1503-7218-4FED-9878-8A3562123059}.Debug|Any CPU.Build.0 = Debug|Any CPU
		{B4FF1503-7218-4FED-9878-8A3562123059}.Release|Any CPU.ActiveCfg = Release|Any CPU
		{B4FF1503-7218-4FED-9878-8A3562123059}.Release|Any CPU.Build.0 = Release|Any CPU
		{007B9138-9F07-4333-AAFF-20B87B2505A7}.Debug|Any CPU.ActiveCfg = Debug|Any CPU
		{007B9138-9F07-4333-AAFF-20B87B2505A7}.Debug|Any CPU.Build.0 = Debug|Any CPU
		{007B9138-9F07-4333-AAFF-20B87B2505A7}.Release|Any CPU.ActiveCfg = Release|Any CPU
		{007B9138-9F07-4333-AAFF-20B87B2505A7}.Release|Any CPU.Build.0 = Release|Any CPU
		{7BD4DF88-CCBB-49B1-8043-3CA2C1F8447E}.Debug|Any CPU.ActiveCfg = Debug|Any CPU
		{7BD4DF88-CCBB-49B1-8043-3CA2C1F8447E}.Debug|Any CPU.Build.0 = Debug|Any CPU
		{7BD4DF88-CCBB-49B1-8043-3CA2C1F8447E}.Release|Any CPU.ActiveCfg = Release|Any CPU
		{7BD4DF88-CCBB-49B1-8043-3CA2C1F8447E}.Release|Any CPU.Build.0 = Release|Any CPU
		{38F6994A-C9B7-4806-A0F1-179DC443BEC2}.Debug|Any CPU.ActiveCfg = Debug|Any CPU
		{38F6994A-C9B7-4806-A0F1-179DC443BEC2}.Debug|Any CPU.Build.0 = Debug|Any CPU
		{38F6994A-C9B7-4806-A0F1-179DC443BEC2}.Release|Any CPU.ActiveCfg = Release|Any CPU
		{38F6994A-C9B7-4806-A0F1-179DC443BEC2}.Release|Any CPU.Build.0 = Release|Any CPU
		{CE2747E2-6DF6-4F42-B1BC-4665A25F99F2}.Debug|Any CPU.ActiveCfg = Debug|Any CPU
		{CE2747E2-6DF6-4F42-B1BC-4665A25F99F2}.Debug|Any CPU.Build.0 = Debug|Any CPU
		{CE2747E2-6DF6-4F42-B1BC-4665A25F99F2}.Release|Any CPU.ActiveCfg = Release|Any CPU
		{CE2747E2-6DF6-4F42-B1BC-4665A25F99F2}.Release|Any CPU.Build.0 = Release|Any CPU
		{0D4F2041-4C0D-4F05-BF78-9CCBDC675DEF}.Debug|Any CPU.ActiveCfg = Debug|Any CPU
		{0D4F2041-4C0D-4F05-BF78-9CCBDC675DEF}.Debug|Any CPU.Build.0 = Debug|Any CPU
		{0D4F2041-4C0D-4F05-BF78-9CCBDC675DEF}.Release|Any CPU.ActiveCfg = Release|Any CPU
		{0D4F2041-4C0D-4F05-BF78-9CCBDC675DEF}.Release|Any CPU.Build.0 = Release|Any CPU
		{EFE5145F-35CA-4151-9BE4-C8E3650CBC8B}.Debug|Any CPU.ActiveCfg = Debug|Any CPU
		{EFE5145F-35CA-4151-9BE4-C8E3650CBC8B}.Debug|Any CPU.Build.0 = Debug|Any CPU
		{EFE5145F-35CA-4151-9BE4-C8E3650CBC8B}.Release|Any CPU.ActiveCfg = Release|Any CPU
		{EFE5145F-35CA-4151-9BE4-C8E3650CBC8B}.Release|Any CPU.Build.0 = Release|Any CPU
		{DA9072A6-01DD-4484-B15E-55625DE2032F}.Debug|Any CPU.ActiveCfg = Debug|Any CPU
		{DA9072A6-01DD-4484-B15E-55625DE2032F}.Debug|Any CPU.Build.0 = Debug|Any CPU
		{DA9072A6-01DD-4484-B15E-55625DE2032F}.Release|Any CPU.ActiveCfg = Release|Any CPU
		{DA9072A6-01DD-4484-B15E-55625DE2032F}.Release|Any CPU.Build.0 = Release|Any CPU
		{D23C868C-9B11-42EC-802E-70109EB1CE8E}.Debug|Any CPU.ActiveCfg = Debug|Any CPU
		{D23C868C-9B11-42EC-802E-70109EB1CE8E}.Debug|Any CPU.Build.0 = Debug|Any CPU
		{D23C868C-9B11-42EC-802E-70109EB1CE8E}.Release|Any CPU.ActiveCfg = Release|Any CPU
		{D23C868C-9B11-42EC-802E-70109EB1CE8E}.Release|Any CPU.Build.0 = Release|Any CPU
		{FA20BFBC-18C2-4EC4-937B-8C468CF47F1F}.Debug|Any CPU.ActiveCfg = Debug|Any CPU
		{FA20BFBC-18C2-4EC4-937B-8C468CF47F1F}.Debug|Any CPU.Build.0 = Debug|Any CPU
		{FA20BFBC-18C2-4EC4-937B-8C468CF47F1F}.Release|Any CPU.ActiveCfg = Release|Any CPU
		{FA20BFBC-18C2-4EC4-937B-8C468CF47F1F}.Release|Any CPU.Build.0 = Release|Any CPU
		{E3127A7E-EFCC-4884-ABB8-F4572E61EA18}.Debug|Any CPU.ActiveCfg = Debug|Any CPU
		{E3127A7E-EFCC-4884-ABB8-F4572E61EA18}.Debug|Any CPU.Build.0 = Debug|Any CPU
		{E3127A7E-EFCC-4884-ABB8-F4572E61EA18}.Release|Any CPU.ActiveCfg = Release|Any CPU
		{E3127A7E-EFCC-4884-ABB8-F4572E61EA18}.Release|Any CPU.Build.0 = Release|Any CPU
		{B246CC09-688E-4184-B4A4-37C473A54C7C}.Debug|Any CPU.ActiveCfg = Debug|Any CPU
		{B246CC09-688E-4184-B4A4-37C473A54C7C}.Debug|Any CPU.Build.0 = Debug|Any CPU
		{B246CC09-688E-4184-B4A4-37C473A54C7C}.Release|Any CPU.ActiveCfg = Release|Any CPU
		{B246CC09-688E-4184-B4A4-37C473A54C7C}.Release|Any CPU.Build.0 = Release|Any CPU
		{4619DD6A-A357-4093-A9B7-CF5DA3FA330D}.Debug|Any CPU.ActiveCfg = Debug|Any CPU
		{4619DD6A-A357-4093-A9B7-CF5DA3FA330D}.Debug|Any CPU.Build.0 = Debug|Any CPU
		{4619DD6A-A357-4093-A9B7-CF5DA3FA330D}.Release|Any CPU.ActiveCfg = Release|Any CPU
		{4619DD6A-A357-4093-A9B7-CF5DA3FA330D}.Release|Any CPU.Build.0 = Release|Any CPU
		{4C7824F5-F6FF-4AF6-9790-954C221AC24E}.Debug|Any CPU.ActiveCfg = Debug|Any CPU
		{4C7824F5-F6FF-4AF6-9790-954C221AC24E}.Debug|Any CPU.Build.0 = Debug|Any CPU
		{4C7824F5-F6FF-4AF6-9790-954C221AC24E}.Release|Any CPU.ActiveCfg = Release|Any CPU
		{4C7824F5-F6FF-4AF6-9790-954C221AC24E}.Release|Any CPU.Build.0 = Release|Any CPU
		{69EF957A-9769-443D-B10A-CB611FCA14DA}.Debug|Any CPU.ActiveCfg = Debug|Any CPU
		{69EF957A-9769-443D-B10A-CB611FCA14DA}.Debug|Any CPU.Build.0 = Debug|Any CPU
		{69EF957A-9769-443D-B10A-CB611FCA14DA}.Release|Any CPU.ActiveCfg = Release|Any CPU
		{69EF957A-9769-443D-B10A-CB611FCA14DA}.Release|Any CPU.Build.0 = Release|Any CPU
		{E3EAD578-509B-4010-92A1-28D404EDDDFF}.Debug|Any CPU.ActiveCfg = Debug|Any CPU
		{E3EAD578-509B-4010-92A1-28D404EDDDFF}.Debug|Any CPU.Build.0 = Debug|Any CPU
		{E3EAD578-509B-4010-92A1-28D404EDDDFF}.Release|Any CPU.ActiveCfg = Release|Any CPU
		{E3EAD578-509B-4010-92A1-28D404EDDDFF}.Release|Any CPU.Build.0 = Release|Any CPU
		{72824C18-05A6-4E76-95E6-44F5A8E4EAF2}.Debug|Any CPU.ActiveCfg = Debug|Any CPU
		{72824C18-05A6-4E76-95E6-44F5A8E4EAF2}.Debug|Any CPU.Build.0 = Debug|Any CPU
		{72824C18-05A6-4E76-95E6-44F5A8E4EAF2}.Release|Any CPU.ActiveCfg = Release|Any CPU
		{72824C18-05A6-4E76-95E6-44F5A8E4EAF2}.Release|Any CPU.Build.0 = Release|Any CPU
		{08FB0D55-42DB-4D95-8A0B-53F486FCC865}.Debug|Any CPU.ActiveCfg = Debug|Any CPU
		{08FB0D55-42DB-4D95-8A0B-53F486FCC865}.Debug|Any CPU.Build.0 = Debug|Any CPU
		{08FB0D55-42DB-4D95-8A0B-53F486FCC865}.Release|Any CPU.ActiveCfg = Release|Any CPU
		{08FB0D55-42DB-4D95-8A0B-53F486FCC865}.Release|Any CPU.Build.0 = Release|Any CPU
		{06A98C6E-E741-4E48-ADA6-94C39307A5AD}.Debug|Any CPU.ActiveCfg = Debug|Any CPU
		{06A98C6E-E741-4E48-ADA6-94C39307A5AD}.Debug|Any CPU.Build.0 = Debug|Any CPU
		{06A98C6E-E741-4E48-ADA6-94C39307A5AD}.Release|Any CPU.ActiveCfg = Release|Any CPU
		{06A98C6E-E741-4E48-ADA6-94C39307A5AD}.Release|Any CPU.Build.0 = Release|Any CPU
	EndGlobalSection
	GlobalSection(SolutionProperties) = preSolution
		HideSolutionNode = FALSE
	EndGlobalSection
	GlobalSection(NestedProjects) = preSolution
		{B4FF1503-7218-4FED-9878-8A3562123059} = {3239B694-78E3-4748-BE5D-A7B32EC1D46E}
		{007B9138-9F07-4333-AAFF-20B87B2505A7} = {3239B694-78E3-4748-BE5D-A7B32EC1D46E}
		{7BD4DF88-CCBB-49B1-8043-3CA2C1F8447E} = {3239B694-78E3-4748-BE5D-A7B32EC1D46E}
		{38F6994A-C9B7-4806-A0F1-179DC443BEC2} = {3239B694-78E3-4748-BE5D-A7B32EC1D46E}
		{CE2747E2-6DF6-4F42-B1BC-4665A25F99F2} = {3239B694-78E3-4748-BE5D-A7B32EC1D46E}
		{0D4F2041-4C0D-4F05-BF78-9CCBDC675DEF} = {E585DA9A-1360-45BE-8023-0C859DE4A81D}
		{EFE5145F-35CA-4151-9BE4-C8E3650CBC8B} = {E585DA9A-1360-45BE-8023-0C859DE4A81D}
		{DA9072A6-01DD-4484-B15E-55625DE2032F} = {E585DA9A-1360-45BE-8023-0C859DE4A81D}
		{D23C868C-9B11-42EC-802E-70109EB1CE8E} = {E585DA9A-1360-45BE-8023-0C859DE4A81D}
		{FA20BFBC-18C2-4EC4-937B-8C468CF47F1F} = {E585DA9A-1360-45BE-8023-0C859DE4A81D}
		{E3127A7E-EFCC-4884-ABB8-F4572E61EA18} = {A21BBD36-25BF-483F-840A-455EFFB6BFAB}
		{B246CC09-688E-4184-B4A4-37C473A54C7C} = {A21BBD36-25BF-483F-840A-455EFFB6BFAB}
		{4619DD6A-A357-4093-A9B7-CF5DA3FA330D} = {A21BBD36-25BF-483F-840A-455EFFB6BFAB}
		{4C7824F5-F6FF-4AF6-9790-954C221AC24E} = {A21BBD36-25BF-483F-840A-455EFFB6BFAB}
		{69EF957A-9769-443D-B10A-CB611FCA14DA} = {AB6AEA70-B983-493E-A3C3-25039B58DFCE}
		{E3EAD578-509B-4010-92A1-28D404EDDDFF} = {AB6AEA70-B983-493E-A3C3-25039B58DFCE}
		{72824C18-05A6-4E76-95E6-44F5A8E4EAF2} = {AB6AEA70-B983-493E-A3C3-25039B58DFCE}
		{08FB0D55-42DB-4D95-8A0B-53F486FCC865} = {AB6AEA70-B983-493E-A3C3-25039B58DFCE}
		{06A98C6E-E741-4E48-ADA6-94C39307A5AD} = {406C8548-B3F4-4938-A93A-2E8952DC7A62}
	EndGlobalSection
	GlobalSection(ExtensibilityGlobals) = postSolution
		SolutionGuid = {BF0DFD2A-607F-477C-AFF1-9A53F77E05A0}
	EndGlobalSection
EndGlobal
